// !$*UTF8*$!
{
	archiveVersion = 1;
	classes = {
	};
	objectVersion = 50;
	objects = {

/* Begin PBXBuildFile section */
		5910CCE9234FBD5200EA39FE /* AppDelegate.swift in Sources */ = {isa = PBXBuildFile; fileRef = 5910CCE8234FBD5200EA39FE /* AppDelegate.swift */; };
		5910CCEB234FBD5200EA39FE /* SceneDelegate.swift in Sources */ = {isa = PBXBuildFile; fileRef = 5910CCEA234FBD5200EA39FE /* SceneDelegate.swift */; };
		5910CCED234FBD5200EA39FE /* ContentView.swift in Sources */ = {isa = PBXBuildFile; fileRef = 5910CCEC234FBD5200EA39FE /* ContentView.swift */; };
		5910CCEF234FBD5500EA39FE /* Assets.xcassets in Resources */ = {isa = PBXBuildFile; fileRef = 5910CCEE234FBD5500EA39FE /* Assets.xcassets */; };
		5910CCF2234FBD5500EA39FE /* Preview Assets.xcassets in Resources */ = {isa = PBXBuildFile; fileRef = 5910CCF1234FBD5500EA39FE /* Preview Assets.xcassets */; };
		5910CCF5234FBD5500EA39FE /* LaunchScreen.storyboard in Resources */ = {isa = PBXBuildFile; fileRef = 5910CCF3234FBD5500EA39FE /* LaunchScreen.storyboard */; };
		5910CD00234FBD5500EA39FE /* Test_ApplicationTests.swift in Sources */ = {isa = PBXBuildFile; fileRef = 5910CCFF234FBD5500EA39FE /* Test_ApplicationTests.swift */; };
		5910CD0B234FBD5500EA39FE /* Test_ApplicationUITests.swift in Sources */ = {isa = PBXBuildFile; fileRef = 5910CD0A234FBD5500EA39FE /* Test_ApplicationUITests.swift */; };
/* End PBXBuildFile section */

/* Begin PBXContainerItemProxy section */
		5910CCFC234FBD5500EA39FE /* PBXContainerItemProxy */ = {
			isa = PBXContainerItemProxy;
			containerPortal = 5910CCDD234FBD5200EA39FE /* Project object */;
			proxyType = 1;
			remoteGlobalIDString = 5910CCE4234FBD5200EA39FE;
			remoteInfo = "Test Application";
		};
		5910CD07234FBD5500EA39FE /* PBXContainerItemProxy */ = {
			isa = PBXContainerItemProxy;
			containerPortal = 5910CCDD234FBD5200EA39FE /* Project object */;
			proxyType = 1;
			remoteGlobalIDString = 5910CCE4234FBD5200EA39FE;
			remoteInfo = "Test Application";
		};
/* End PBXContainerItemProxy section */

/* Begin PBXFileReference section */
		5910CCE5234FBD5200EA39FE /* Test Application.app */ = {isa = PBXFileReference; explicitFileType = wrapper.application; includeInIndex = 0; path = "Test Application.app"; sourceTree = BUILT_PRODUCTS_DIR; };
		5910CCE8234FBD5200EA39FE /* AppDelegate.swift */ = {isa = PBXFileReference; lastKnownFileType = sourcecode.swift; path = AppDelegate.swift; sourceTree = "<group>"; };
		5910CCEA234FBD5200EA39FE /* SceneDelegate.swift */ = {isa = PBXFileReference; lastKnownFileType = sourcecode.swift; path = SceneDelegate.swift; sourceTree = "<group>"; };
		5910CCEC234FBD5200EA39FE /* ContentView.swift */ = {isa = PBXFileReference; lastKnownFileType = sourcecode.swift; path = ContentView.swift; sourceTree = "<group>"; };
		5910CCEE234FBD5500EA39FE /* Assets.xcassets */ = {isa = PBXFileReference; lastKnownFileType = folder.assetcatalog; path = Assets.xcassets; sourceTree = "<group>"; };
		5910CCF1234FBD5500EA39FE /* Preview Assets.xcassets */ = {isa = PBXFileReference; lastKnownFileType = folder.assetcatalog; path = "Preview Assets.xcassets"; sourceTree = "<group>"; };
		5910CCF4234FBD5500EA39FE /* Base */ = {isa = PBXFileReference; lastKnownFileType = file.storyboard; name = Base; path = Base.lproj/LaunchScreen.storyboard; sourceTree = "<group>"; };
		5910CCF6234FBD5500EA39FE /* Info.plist */ = {isa = PBXFileReference; lastKnownFileType = text.plist.xml; path = Info.plist; sourceTree = "<group>"; };
		5910CCFB234FBD5500EA39FE /* Test ApplicationTests.xctest */ = {isa = PBXFileReference; explicitFileType = wrapper.cfbundle; includeInIndex = 0; path = "Test ApplicationTests.xctest"; sourceTree = BUILT_PRODUCTS_DIR; };
		5910CCFF234FBD5500EA39FE /* Test_ApplicationTests.swift */ = {isa = PBXFileReference; lastKnownFileType = sourcecode.swift; path = Test_ApplicationTests.swift; sourceTree = "<group>"; };
		5910CD01234FBD5500EA39FE /* Info.plist */ = {isa = PBXFileReference; lastKnownFileType = text.plist.xml; path = Info.plist; sourceTree = "<group>"; };
		5910CD06234FBD5500EA39FE /* Test ApplicationUITests.xctest */ = {isa = PBXFileReference; explicitFileType = wrapper.cfbundle; includeInIndex = 0; path = "Test ApplicationUITests.xctest"; sourceTree = BUILT_PRODUCTS_DIR; };
		5910CD0A234FBD5500EA39FE /* Test_ApplicationUITests.swift */ = {isa = PBXFileReference; lastKnownFileType = sourcecode.swift; path = Test_ApplicationUITests.swift; sourceTree = "<group>"; };
		5910CD0C234FBD5500EA39FE /* Info.plist */ = {isa = PBXFileReference; lastKnownFileType = text.plist.xml; path = Info.plist; sourceTree = "<group>"; };
/* End PBXFileReference section */

/* Begin PBXFrameworksBuildPhase section */
		5910CCE2234FBD5200EA39FE /* Frameworks */ = {
			isa = PBXFrameworksBuildPhase;
			buildActionMask = 2147483647;
			files = (
			);
			runOnlyForDeploymentPostprocessing = 0;
		};
		5910CCF8234FBD5500EA39FE /* Frameworks */ = {
			isa = PBXFrameworksBuildPhase;
			buildActionMask = 2147483647;
			files = (
			);
			runOnlyForDeploymentPostprocessing = 0;
		};
		5910CD03234FBD5500EA39FE /* Frameworks */ = {
			isa = PBXFrameworksBuildPhase;
			buildActionMask = 2147483647;
			files = (
			);
			runOnlyForDeploymentPostprocessing = 0;
		};
/* End PBXFrameworksBuildPhase section */

/* Begin PBXGroup section */
		5910CCDC234FBD5200EA39FE = {
			isa = PBXGroup;
			children = (
				5910CCE7234FBD5200EA39FE /* Test Application */,
				5910CCFE234FBD5500EA39FE /* Test ApplicationTests */,
				5910CD09234FBD5500EA39FE /* Test ApplicationUITests */,
				5910CCE6234FBD5200EA39FE /* Products */,
			);
			sourceTree = "<group>";
		};
		5910CCE6234FBD5200EA39FE /* Products */ = {
			isa = PBXGroup;
			children = (
				5910CCE5234FBD5200EA39FE /* Test Application.app */,
				5910CCFB234FBD5500EA39FE /* Test ApplicationTests.xctest */,
				5910CD06234FBD5500EA39FE /* Test ApplicationUITests.xctest */,
			);
			name = Products;
			sourceTree = "<group>";
		};
		5910CCE7234FBD5200EA39FE /* Test Application */ = {
			isa = PBXGroup;
			children = (
				5910CCE8234FBD5200EA39FE /* AppDelegate.swift */,
				5910CCEA234FBD5200EA39FE /* SceneDelegate.swift */,
				5910CCEC234FBD5200EA39FE /* ContentView.swift */,
				5910CCEE234FBD5500EA39FE /* Assets.xcassets */,
				5910CCF3234FBD5500EA39FE /* LaunchScreen.storyboard */,
				5910CCF6234FBD5500EA39FE /* Info.plist */,
				5910CCF0234FBD5500EA39FE /* Preview Content */,
			);
			path = "Test Application";
			sourceTree = "<group>";
		};
		5910CCF0234FBD5500EA39FE /* Preview Content */ = {
			isa = PBXGroup;
			children = (
				5910CCF1234FBD5500EA39FE /* Preview Assets.xcassets */,
			);
			path = "Preview Content";
			sourceTree = "<group>";
		};
		5910CCFE234FBD5500EA39FE /* Test ApplicationTests */ = {
			isa = PBXGroup;
			children = (
				5910CCFF234FBD5500EA39FE /* Test_ApplicationTests.swift */,
				5910CD01234FBD5500EA39FE /* Info.plist */,
			);
			path = "Test ApplicationTests";
			sourceTree = "<group>";
		};
		5910CD09234FBD5500EA39FE /* Test ApplicationUITests */ = {
			isa = PBXGroup;
			children = (
				5910CD0A234FBD5500EA39FE /* Test_ApplicationUITests.swift */,
				5910CD0C234FBD5500EA39FE /* Info.plist */,
			);
			path = "Test ApplicationUITests";
			sourceTree = "<group>";
		};
/* End PBXGroup section */

/* Begin PBXNativeTarget section */
		5910CCE4234FBD5200EA39FE /* Test Application */ = {
			isa = PBXNativeTarget;
			buildConfigurationList = 5910CD0F234FBD5500EA39FE /* Build configuration list for PBXNativeTarget "Test Application" */;
			buildPhases = (
				5910CCE1234FBD5200EA39FE /* Sources */,
				5910CCE2234FBD5200EA39FE /* Frameworks */,
				5910CCE3234FBD5200EA39FE /* Resources */,
			);
			buildRules = (
			);
			dependencies = (
			);
			name = "Test Application";
			productName = "Test Application";
			productReference = 5910CCE5234FBD5200EA39FE /* Test Application.app */;
			productType = "com.apple.product-type.application";
		};
		5910CCFA234FBD5500EA39FE /* Test ApplicationTests */ = {
			isa = PBXNativeTarget;
			buildConfigurationList = 5910CD12234FBD5500EA39FE /* Build configuration list for PBXNativeTarget "Test ApplicationTests" */;
			buildPhases = (
				5910CCF7234FBD5500EA39FE /* Sources */,
				5910CCF8234FBD5500EA39FE /* Frameworks */,
				5910CCF9234FBD5500EA39FE /* Resources */,
			);
			buildRules = (
			);
			dependencies = (
				5910CCFD234FBD5500EA39FE /* PBXTargetDependency */,
			);
			name = "Test ApplicationTests";
			productName = "Test ApplicationTests";
			productReference = 5910CCFB234FBD5500EA39FE /* Test ApplicationTests.xctest */;
			productType = "com.apple.product-type.bundle.unit-test";
		};
		5910CD05234FBD5500EA39FE /* Test ApplicationUITests */ = {
			isa = PBXNativeTarget;
			buildConfigurationList = 5910CD15234FBD5500EA39FE /* Build configuration list for PBXNativeTarget "Test ApplicationUITests" */;
			buildPhases = (
				5910CD02234FBD5500EA39FE /* Sources */,
				5910CD03234FBD5500EA39FE /* Frameworks */,
				5910CD04234FBD5500EA39FE /* Resources */,
			);
			buildRules = (
			);
			dependencies = (
				5910CD08234FBD5500EA39FE /* PBXTargetDependency */,
			);
			name = "Test ApplicationUITests";
			productName = "Test ApplicationUITests";
			productReference = 5910CD06234FBD5500EA39FE /* Test ApplicationUITests.xctest */;
			productType = "com.apple.product-type.bundle.ui-testing";
		};
/* End PBXNativeTarget section */

/* Begin PBXProject section */
		5910CCDD234FBD5200EA39FE /* Project object */ = {
			isa = PBXProject;
			attributes = {
				LastSwiftUpdateCheck = 1110;
				LastUpgradeCheck = 1110;
				ORGANIZATIONNAME = test;
				TargetAttributes = {
					5910CCE4234FBD5200EA39FE = {
						CreatedOnToolsVersion = 11.1;
					};
					5910CCFA234FBD5500EA39FE = {
						CreatedOnToolsVersion = 11.1;
						TestTargetID = 5910CCE4234FBD5200EA39FE;
					};
					5910CD05234FBD5500EA39FE = {
						CreatedOnToolsVersion = 11.1;
						TestTargetID = 5910CCE4234FBD5200EA39FE;
					};
				};
			};
			buildConfigurationList = 5910CCE0234FBD5200EA39FE /* Build configuration list for PBXProject "Test Application" */;
			compatibilityVersion = "Xcode 9.3";
			developmentRegion = en;
			hasScannedForEncodings = 0;
			knownRegions = (
				en,
				Base,
			);
			mainGroup = 5910CCDC234FBD5200EA39FE;
			productRefGroup = 5910CCE6234FBD5200EA39FE /* Products */;
			projectDirPath = "";
			projectRoot = "";
			targets = (
				5910CCE4234FBD5200EA39FE /* Test Application */,
				5910CCFA234FBD5500EA39FE /* Test ApplicationTests */,
				5910CD05234FBD5500EA39FE /* Test ApplicationUITests */,
			);
		};
/* End PBXProject section */

/* Begin PBXResourcesBuildPhase section */
		5910CCE3234FBD5200EA39FE /* Resources */ = {
			isa = PBXResourcesBuildPhase;
			buildActionMask = 2147483647;
			files = (
				5910CCF5234FBD5500EA39FE /* LaunchScreen.storyboard in Resources */,
				5910CCF2234FBD5500EA39FE /* Preview Assets.xcassets in Resources */,
				5910CCEF234FBD5500EA39FE /* Assets.xcassets in Resources */,
			);
			runOnlyForDeploymentPostprocessing = 0;
		};
		5910CCF9234FBD5500EA39FE /* Resources */ = {
			isa = PBXResourcesBuildPhase;
			buildActionMask = 2147483647;
			files = (
			);
			runOnlyForDeploymentPostprocessing = 0;
		};
		5910CD04234FBD5500EA39FE /* Resources */ = {
			isa = PBXResourcesBuildPhase;
			buildActionMask = 2147483647;
			files = (
			);
			runOnlyForDeploymentPostprocessing = 0;
		};
/* End PBXResourcesBuildPhase section */

/* Begin PBXSourcesBuildPhase section */
		5910CCE1234FBD5200EA39FE /* Sources */ = {
			isa = PBXSourcesBuildPhase;
			buildActionMask = 2147483647;
			files = (
				5910CCE9234FBD5200EA39FE /* AppDelegate.swift in Sources */,
				5910CCEB234FBD5200EA39FE /* SceneDelegate.swift in Sources */,
				5910CCED234FBD5200EA39FE /* ContentView.swift in Sources */,
			);
			runOnlyForDeploymentPostprocessing = 0;
		};
		5910CCF7234FBD5500EA39FE /* Sources */ = {
			isa = PBXSourcesBuildPhase;
			buildActionMask = 2147483647;
			files = (
				5910CD00234FBD5500EA39FE /* Test_ApplicationTests.swift in Sources */,
			);
			runOnlyForDeploymentPostprocessing = 0;
		};
		5910CD02234FBD5500EA39FE /* Sources */ = {
			isa = PBXSourcesBuildPhase;
			buildActionMask = 2147483647;
			files = (
				5910CD0B234FBD5500EA39FE /* Test_ApplicationUITests.swift in Sources */,
			);
			runOnlyForDeploymentPostprocessing = 0;
		};
/* End PBXSourcesBuildPhase section */

/* Begin PBXTargetDependency section */
		5910CCFD234FBD5500EA39FE /* PBXTargetDependency */ = {
			isa = PBXTargetDependency;
			target = 5910CCE4234FBD5200EA39FE /* Test Application */;
			targetProxy = 5910CCFC234FBD5500EA39FE /* PBXContainerItemProxy */;
		};
		5910CD08234FBD5500EA39FE /* PBXTargetDependency */ = {
			isa = PBXTargetDependency;
			target = 5910CCE4234FBD5200EA39FE /* Test Application */;
			targetProxy = 5910CD07234FBD5500EA39FE /* PBXContainerItemProxy */;
		};
/* End PBXTargetDependency section */

/* Begin PBXVariantGroup section */
		5910CCF3234FBD5500EA39FE /* LaunchScreen.storyboard */ = {
			isa = PBXVariantGroup;
			children = (
				5910CCF4234FBD5500EA39FE /* Base */,
			);
			name = LaunchScreen.storyboard;
			sourceTree = "<group>";
		};
/* End PBXVariantGroup section */

/* Begin XCBuildConfiguration section */
		5910CD0D234FBD5500EA39FE /* Debug */ = {
			isa = XCBuildConfiguration;
			buildSettings = {
				ALWAYS_SEARCH_USER_PATHS = NO;
				CLANG_ANALYZER_NONNULL = YES;
				CLANG_ANALYZER_NUMBER_OBJECT_CONVERSION = YES_AGGRESSIVE;
				CLANG_CXX_LANGUAGE_STANDARD = "gnu++14";
				CLANG_CXX_LIBRARY = "libc++";
				CLANG_ENABLE_MODULES = YES;
				CLANG_ENABLE_OBJC_ARC = YES;
				CLANG_ENABLE_OBJC_WEAK = YES;
				CLANG_WARN_BLOCK_CAPTURE_AUTORELEASING = YES;
				CLANG_WARN_BOOL_CONVERSION = YES;
				CLANG_WARN_COMMA = YES;
				CLANG_WARN_CONSTANT_CONVERSION = YES;
				CLANG_WARN_DEPRECATED_OBJC_IMPLEMENTATIONS = YES;
				CLANG_WARN_DIRECT_OBJC_ISA_USAGE = YES_ERROR;
				CLANG_WARN_DOCUMENTATION_COMMENTS = YES;
				CLANG_WARN_EMPTY_BODY = YES;
				CLANG_WARN_ENUM_CONVERSION = YES;
				CLANG_WARN_INFINITE_RECURSION = YES;
				CLANG_WARN_INT_CONVERSION = YES;
				CLANG_WARN_NON_LITERAL_NULL_CONVERSION = YES;
				CLANG_WARN_OBJC_IMPLICIT_RETAIN_SELF = YES;
				CLANG_WARN_OBJC_LITERAL_CONVERSION = YES;
				CLANG_WARN_OBJC_ROOT_CLASS = YES_ERROR;
				CLANG_WARN_RANGE_LOOP_ANALYSIS = YES;
				CLANG_WARN_STRICT_PROTOTYPES = YES;
				CLANG_WARN_SUSPICIOUS_MOVE = YES;
				CLANG_WARN_UNGUARDED_AVAILABILITY = YES_AGGRESSIVE;
				CLANG_WARN_UNREACHABLE_CODE = YES;
				CLANG_WARN__DUPLICATE_METHOD_MATCH = YES;
				COPY_PHASE_STRIP = NO;
				DEBUG_INFORMATION_FORMAT = dwarf;
				ENABLE_STRICT_OBJC_MSGSEND = YES;
				ENABLE_TESTABILITY = YES;
				GCC_C_LANGUAGE_STANDARD = gnu11;
				GCC_DYNAMIC_NO_PIC = NO;
				GCC_NO_COMMON_BLOCKS = YES;
				GCC_OPTIMIZATION_LEVEL = 0;
				GCC_PREPROCESSOR_DEFINITIONS = (
					"DEBUG=1",
					"$(inherited)",
				);
				GCC_WARN_64_TO_32_BIT_CONVERSION = YES;
				GCC_WARN_ABOUT_RETURN_TYPE = YES_ERROR;
				GCC_WARN_UNDECLARED_SELECTOR = YES;
				GCC_WARN_UNINITIALIZED_AUTOS = YES_AGGRESSIVE;
				GCC_WARN_UNUSED_FUNCTION = YES;
				GCC_WARN_UNUSED_VARIABLE = YES;
				IPHONEOS_DEPLOYMENT_TARGET = 13.1;
				MTL_ENABLE_DEBUG_INFO = INCLUDE_SOURCE;
				MTL_FAST_MATH = YES;
				ONLY_ACTIVE_ARCH = YES;
				SDKROOT = iphoneos;
				SWIFT_ACTIVE_COMPILATION_CONDITIONS = DEBUG;
				SWIFT_OPTIMIZATION_LEVEL = "-Onone";
			};
			name = Debug;
		};
		5910CD0E234FBD5500EA39FE /* Release */ = {
			isa = XCBuildConfiguration;
			buildSettings = {
				ALWAYS_SEARCH_USER_PATHS = NO;
				CLANG_ANALYZER_NONNULL = YES;
				CLANG_ANALYZER_NUMBER_OBJECT_CONVERSION = YES_AGGRESSIVE;
				CLANG_CXX_LANGUAGE_STANDARD = "gnu++14";
				CLANG_CXX_LIBRARY = "libc++";
				CLANG_ENABLE_MODULES = YES;
				CLANG_ENABLE_OBJC_ARC = YES;
				CLANG_ENABLE_OBJC_WEAK = YES;
				CLANG_WARN_BLOCK_CAPTURE_AUTORELEASING = YES;
				CLANG_WARN_BOOL_CONVERSION = YES;
				CLANG_WARN_COMMA = YES;
				CLANG_WARN_CONSTANT_CONVERSION = YES;
				CLANG_WARN_DEPRECATED_OBJC_IMPLEMENTATIONS = YES;
				CLANG_WARN_DIRECT_OBJC_ISA_USAGE = YES_ERROR;
				CLANG_WARN_DOCUMENTATION_COMMENTS = YES;
				CLANG_WARN_EMPTY_BODY = YES;
				CLANG_WARN_ENUM_CONVERSION = YES;
				CLANG_WARN_INFINITE_RECURSION = YES;
				CLANG_WARN_INT_CONVERSION = YES;
				CLANG_WARN_NON_LITERAL_NULL_CONVERSION = YES;
				CLANG_WARN_OBJC_IMPLICIT_RETAIN_SELF = YES;
				CLANG_WARN_OBJC_LITERAL_CONVERSION = YES;
				CLANG_WARN_OBJC_ROOT_CLASS = YES_ERROR;
				CLANG_WARN_RANGE_LOOP_ANALYSIS = YES;
				CLANG_WARN_STRICT_PROTOTYPES = YES;
				CLANG_WARN_SUSPICIOUS_MOVE = YES;
				CLANG_WARN_UNGUARDED_AVAILABILITY = YES_AGGRESSIVE;
				CLANG_WARN_UNREACHABLE_CODE = YES;
				CLANG_WARN__DUPLICATE_METHOD_MATCH = YES;
				COPY_PHASE_STRIP = NO;
				DEBUG_INFORMATION_FORMAT = "dwarf-with-dsym";
				ENABLE_NS_ASSERTIONS = NO;
				ENABLE_STRICT_OBJC_MSGSEND = YES;
				GCC_C_LANGUAGE_STANDARD = gnu11;
				GCC_NO_COMMON_BLOCKS = YES;
				GCC_WARN_64_TO_32_BIT_CONVERSION = YES;
				GCC_WARN_ABOUT_RETURN_TYPE = YES_ERROR;
				GCC_WARN_UNDECLARED_SELECTOR = YES;
				GCC_WARN_UNINITIALIZED_AUTOS = YES_AGGRESSIVE;
				GCC_WARN_UNUSED_FUNCTION = YES;
				GCC_WARN_UNUSED_VARIABLE = YES;
				IPHONEOS_DEPLOYMENT_TARGET = 13.1;
				MTL_ENABLE_DEBUG_INFO = NO;
				MTL_FAST_MATH = YES;
				SDKROOT = iphoneos;
				SWIFT_COMPILATION_MODE = wholemodule;
				SWIFT_OPTIMIZATION_LEVEL = "-O";
				VALIDATE_PRODUCT = YES;
			};
			name = Release;
		};
		5910CD10234FBD5500EA39FE /* Debug */ = {
			isa = XCBuildConfiguration;
			buildSettings = {
				ASSETCATALOG_COMPILER_APPICON_NAME = AppIcon;
				CODE_SIGN_STYLE = Automatic;
				DEVELOPMENT_ASSET_PATHS = "\"Test Application/Preview Content\"";
				ENABLE_PREVIEWS = YES;
				INFOPLIST_FILE = "Test Application/Info.plist";
				LD_RUNPATH_SEARCH_PATHS = (
					"$(inherited)",
					"@executable_path/Frameworks",
				);
				PRODUCT_BUNDLE_IDENTIFIER = "test.Test-Application";
				PRODUCT_NAME = "$(TARGET_NAME)";
				SWIFT_VERSION = 5.0;
				TARGETED_DEVICE_FAMILY = "1,2";
			};
			name = Debug;
		};
		5910CD11234FBD5500EA39FE /* Release */ = {
			isa = XCBuildConfiguration;
			buildSettings = {
				ASSETCATALOG_COMPILER_APPICON_NAME = AppIcon;
				CODE_SIGN_STYLE = Automatic;
				DEVELOPMENT_ASSET_PATHS = "\"Test Application/Preview Content\"";
				ENABLE_PREVIEWS = YES;
				INFOPLIST_FILE = "Test Application/Info.plist";
				LD_RUNPATH_SEARCH_PATHS = (
					"$(inherited)",
					"@executable_path/Frameworks",
				);
				PRODUCT_BUNDLE_IDENTIFIER = "test.Test-Application";
				PRODUCT_NAME = "$(TARGET_NAME)";
				SWIFT_VERSION = 5.0;
				TARGETED_DEVICE_FAMILY = "1,2";
			};
			name = Release;
		};
		5910CD13234FBD5500EA39FE /* Debug */ = {
			isa = XCBuildConfiguration;
			buildSettings = {
				ALWAYS_EMBED_SWIFT_STANDARD_LIBRARIES = YES;
				BUNDLE_LOADER = "$(TEST_HOST)";
				CODE_SIGN_STYLE = Automatic;
				INFOPLIST_FILE = "Test ApplicationTests/Info.plist";
				IPHONEOS_DEPLOYMENT_TARGET = 13.1;
				LD_RUNPATH_SEARCH_PATHS = (
					"$(inherited)",
					"@executable_path/Frameworks",
					"@loader_path/Frameworks",
				);
				PRODUCT_BUNDLE_IDENTIFIER = "test.Test-ApplicationTests";
				PRODUCT_NAME = "$(TARGET_NAME)";
				SWIFT_VERSION = 5.0;
				TARGETED_DEVICE_FAMILY = "1,2";
				TEST_HOST = "$(BUILT_PRODUCTS_DIR)/Test Application.app/Test Application";
			};
			name = Debug;
		};
		5910CD14234FBD5500EA39FE /* Release */ = {
			isa = XCBuildConfiguration;
			buildSettings = {
				ALWAYS_EMBED_SWIFT_STANDARD_LIBRARIES = YES;
				BUNDLE_LOADER = "$(TEST_HOST)";
				CODE_SIGN_STYLE = Automatic;
				INFOPLIST_FILE = "Test ApplicationTests/Info.plist";
				IPHONEOS_DEPLOYMENT_TARGET = 13.1;
				LD_RUNPATH_SEARCH_PATHS = (
					"$(inherited)",
					"@executable_path/Frameworks",
					"@loader_path/Frameworks",
				);
				PRODUCT_BUNDLE_IDENTIFIER = "test.Test-ApplicationTests";
				PRODUCT_NAME = "$(TARGET_NAME)";
				SWIFT_VERSION = 5.0;
				TARGETED_DEVICE_FAMILY = "1,2";
				TEST_HOST = "$(BUILT_PRODUCTS_DIR)/Test Application.app/Test Application";
			};
			name = Release;
		};
		5910CD16234FBD5500EA39FE /* Debug */ = {
			isa = XCBuildConfiguration;
			buildSettings = {
				ALWAYS_EMBED_SWIFT_STANDARD_LIBRARIES = YES;
				CODE_SIGN_STYLE = Automatic;
				INFOPLIST_FILE = "Test ApplicationUITests/Info.plist";
				LD_RUNPATH_SEARCH_PATHS = (
					"$(inherited)",
					"@executable_path/Frameworks",
					"@loader_path/Frameworks",
				);
				PRODUCT_BUNDLE_IDENTIFIER = "test.Test-ApplicationUITests";
				PRODUCT_NAME = "$(TARGET_NAME)";
				SWIFT_VERSION = 5.0;
				TARGETED_DEVICE_FAMILY = "1,2";
				TEST_TARGET_NAME = "Test Application";
			};
			name = Debug;
		};
		5910CD17234FBD5500EA39FE /* Release */ = {
			isa = XCBuildConfiguration;
			buildSettings = {
				ALWAYS_EMBED_SWIFT_STANDARD_LIBRARIES = YES;
				CODE_SIGN_STYLE = Automatic;
				INFOPLIST_FILE = "Test ApplicationUITests/Info.plist";
				LD_RUNPATH_SEARCH_PATHS = (
					"$(inherited)",
					"@executable_path/Frameworks",
					"@loader_path/Frameworks",
				);
				PRODUCT_BUNDLE_IDENTIFIER = "test.Test-ApplicationUITests";
				PRODUCT_NAME = "$(TARGET_NAME)";
				SWIFT_VERSION = 5.0;
				TARGETED_DEVICE_FAMILY = "1,2";
				TEST_TARGET_NAME = "Test Application";
			};
			name = Release;
		};
/* End XCBuildConfiguration section */

/* Begin XCConfigurationList section */
		5910CCE0234FBD5200EA39FE /* Build configuration list for PBXProject "Test Application" */ = {
			isa = XCConfigurationList;
			buildConfigurations = (
				5910CD0D234FBD5500EA39FE /* Debug */,
				5910CD0E234FBD5500EA39FE /* Release */,
			);
			defaultConfigurationIsVisible = 0;
			defaultConfigurationName = Release;
		};
		5910CD0F234FBD5500EA39FE /* Build configuration list for PBXNativeTarget "Test Application" */ = {
			isa = XCConfigurationList;
			buildConfigurations = (
				5910CD10234FBD5500EA39FE /* Debug */,
				5910CD11234FBD5500EA39FE /* Release */,
			);
			defaultConfigurationIsVisible = 0;
			defaultConfigurationName = Release;
		};
		5910CD12234FBD5500EA39FE /* Build configuration list for PBXNativeTarget "Test ApplicationTests" */ = {
			isa = XCConfigurationList;
			buildConfigurations = (
				5910CD13234FBD5500EA39FE /* Debug */,
				5910CD14234FBD5500EA39FE /* Release */,
			);
			defaultConfigurationIsVisible = 0;
			defaultConfigurationName = Release;
		};
		5910CD15234FBD5500EA39FE /* Build configuration list for PBXNativeTarget "Test ApplicationUITests" */ = {
			isa = XCConfigurationList;
			buildConfigurations = (
				5910CD16234FBD5500EA39FE /* Debug */,
				5910CD17234FBD5500EA39FE /* Release */,
			);
			defaultConfigurationIsVisible = 0;
			defaultConfigurationName = Release;
		};
/* End XCConfigurationList section */
	};
	rootObject = 5910CCDD234FBD5200EA39FE /* Project object */;
}
